
Microsoft Visual Studio Solution File, Format Version 12.00
# Visual Studio Version 17
VisualStudioVersion = 17.14.37203.1 d17.14
MinimumVisualStudioVersion = 10.0.40219.1
Project("{FAE04EC0-301F-11D3-BF4B-00C04F79EFBC}") = "Astras Instant GetBanned", "Astras Instant getbanned\Astras Instant GetBanned.csproj", "{F902AAF8-FBE9-BB95-FAA6-C6CC0EC01211}"
EndProject
Global
	GlobalSection(SolutionConfigurationPlatforms) = preSolution
		Debug|Any CPU = Debug|Any CPU
		Release|Any CPU = Release|Any CPU
	EndGlobalSection
	GlobalSection(ProjectConfigurationPlatforms) = postSolution
		{F902AAF8-FBE9-BB95-FAA6-C6CC0EC01211}.Debug|Any CPU.ActiveCfg = Debug|Any CPU
		{F902AAF8-FBE9-BB95-FAA6-C6CC0EC01211}.Debug|Any CPU.Build.0 = Debug|Any CPU
		{F902AAF8-FBE9-BB95-FAA6-C6CC0EC01211}.Release|Any CPU.ActiveCfg = Release|Any CPU
		{F902AAF8-FBE9-BB95-FAA6-C6CC0EC01211}.Release|Any CPU.Build.0 = Release|Any CPU
	EndGlobalSection
	GlobalSection(SolutionProperties) = preSolution
		HideSolutionNode = FALSE
	EndGlobalSection
	GlobalSection(ExtensibilityGlobals) = postSolution
		SolutionGuid = {DD02BBBE-B8BC-4509-97EE-6F7F8078B93F}
	EndGlobalSection
EndGlobal
